// !$*UTF8*$!
{
	archiveVersion = 1;
	classes = {
	};
	objectVersion = 56;
	objects = {

/* Begin PBXBuildFile section */
		FA356A962C794BCB0032F125 /* PeliculasAppApp.swift in Sources */ = {isa = PBXBuildFile; fileRef = FA356A952C794BCB0032F125 /* PeliculasAppApp.swift */; };
		FA356A9A2C794BCC0032F125 /* Assets.xcassets in Resources */ = {isa = PBXBuildFile; fileRef = FA356A992C794BCC0032F125 /* Assets.xcassets */; };
		FA356A9D2C794BCC0032F125 /* Preview Assets.xcassets in Resources */ = {isa = PBXBuildFile; fileRef = FA356A9C2C794BCC0032F125 /* Preview Assets.xcassets */; };
		FA356AA72C794BCC0032F125 /* PeliculasAppTests.swift in Sources */ = {isa = PBXBuildFile; fileRef = FA356AA62C794BCC0032F125 /* PeliculasAppTests.swift */; };
		FA356AB12C794BCC0032F125 /* PeliculasAppUITests.swift in Sources */ = {isa = PBXBuildFile; fileRef = FA356AB02C794BCC0032F125 /* PeliculasAppUITests.swift */; };
		FA356AB32C794BCC0032F125 /* PeliculasAppUITestsLaunchTests.swift in Sources */ = {isa = PBXBuildFile; fileRef = FA356AB22C794BCC0032F125 /* PeliculasAppUITestsLaunchTests.swift */; };
		FA356AC12C795EEA0032F125 /* HomeView.swift in Sources */ = {isa = PBXBuildFile; fileRef = FA356AC02C795EEA0032F125 /* HomeView.swift */; };
		FA67D4262C7CEC9E0009C4F1 /* PrincipalRootView.swift in Sources */ = {isa = PBXBuildFile; fileRef = FA67D4252C7CEC9E0009C4F1 /* PrincipalRootView.swift */; };
		FA67D4282C7D42D60009C4F1 /* AppRootManager.swift in Sources */ = {isa = PBXBuildFile; fileRef = FA67D4272C7D42D60009C4F1 /* AppRootManager.swift */; };
		FA67D42C2C7D49E40009C4F1 /* SplashRootView.swift in Sources */ = {isa = PBXBuildFile; fileRef = FA67D42B2C7D49E40009C4F1 /* SplashRootView.swift */; };
		FA67D42E2C7D4BBE0009C4F1 /* SplashView.swift in Sources */ = {isa = PBXBuildFile; fileRef = FA67D42D2C7D4BBE0009C4F1 /* SplashView.swift */; };
		FA90D51F2C7E34610074A012 /* View+Extension.swift in Sources */ = {isa = PBXBuildFile; fileRef = FA90D51E2C7E34610074A012 /* View+Extension.swift */; };
		FA90D5212C7E346E0074A012 /* NavigationModifier.swift in Sources */ = {isa = PBXBuildFile; fileRef = FA90D5202C7E346E0074A012 /* NavigationModifier.swift */; };
		FA90D5232C7E34D40074A012 /* LoginView.swift in Sources */ = {isa = PBXBuildFile; fileRef = FA90D5222C7E34D40074A012 /* LoginView.swift */; };
		FA90D5262C7E354D0074A012 /* TextHomeToolbarContent.swift in Sources */ = {isa = PBXBuildFile; fileRef = FA90D5252C7E354D0074A012 /* TextHomeToolbarContent.swift */; };
/* End PBXBuildFile section */

/* Begin PBXContainerItemProxy section */
		FA356AA32C794BCC0032F125 /* PBXContainerItemProxy */ = {
			isa = PBXContainerItemProxy;
			containerPortal = FA356A8A2C794BCB0032F125 /* Project object */;
			proxyType = 1;
			remoteGlobalIDString = FA356A912C794BCB0032F125;
			remoteInfo = PeliculasApp;
		};
		FA356AAD2C794BCC0032F125 /* PBXContainerItemProxy */ = {
			isa = PBXContainerItemProxy;
			containerPortal = FA356A8A2C794BCB0032F125 /* Project object */;
			proxyType = 1;
			remoteGlobalIDString = FA356A912C794BCB0032F125;
			remoteInfo = PeliculasApp;
		};
/* End PBXContainerItemProxy section */

/* Begin PBXFileReference section */
		FA356A922C794BCB0032F125 /* PeliculasApp.app */ = {isa = PBXFileReference; explicitFileType = wrapper.application; includeInIndex = 0; path = PeliculasApp.app; sourceTree = BUILT_PRODUCTS_DIR; };
		FA356A952C794BCB0032F125 /* PeliculasAppApp.swift */ = {isa = PBXFileReference; lastKnownFileType = sourcecode.swift; path = PeliculasAppApp.swift; sourceTree = "<group>"; };
		FA356A992C794BCC0032F125 /* Assets.xcassets */ = {isa = PBXFileReference; lastKnownFileType = folder.assetcatalog; path = Assets.xcassets; sourceTree = "<group>"; };
		FA356A9C2C794BCC0032F125 /* Preview Assets.xcassets */ = {isa = PBXFileReference; lastKnownFileType = folder.assetcatalog; path = "Preview Assets.xcassets"; sourceTree = "<group>"; };
		FA356AA22C794BCC0032F125 /* PeliculasAppTests.xctest */ = {isa = PBXFileReference; explicitFileType = wrapper.cfbundle; includeInIndex = 0; path = PeliculasAppTests.xctest; sourceTree = BUILT_PRODUCTS_DIR; };
		FA356AA62C794BCC0032F125 /* PeliculasAppTests.swift */ = {isa = PBXFileReference; lastKnownFileType = sourcecode.swift; path = PeliculasAppTests.swift; sourceTree = "<group>"; };
		FA356AAC2C794BCC0032F125 /* PeliculasAppUITests.xctest */ = {isa = PBXFileReference; explicitFileType = wrapper.cfbundle; includeInIndex = 0; path = PeliculasAppUITests.xctest; sourceTree = BUILT_PRODUCTS_DIR; };
		FA356AB02C794BCC0032F125 /* PeliculasAppUITests.swift */ = {isa = PBXFileReference; lastKnownFileType = sourcecode.swift; path = PeliculasAppUITests.swift; sourceTree = "<group>"; };
		FA356AB22C794BCC0032F125 /* PeliculasAppUITestsLaunchTests.swift */ = {isa = PBXFileReference; lastKnownFileType = sourcecode.swift; path = PeliculasAppUITestsLaunchTests.swift; sourceTree = "<group>"; };
		FA356AC02C795EEA0032F125 /* HomeView.swift */ = {isa = PBXFileReference; lastKnownFileType = sourcecode.swift; path = HomeView.swift; sourceTree = "<group>"; };
		FA67D4252C7CEC9E0009C4F1 /* PrincipalRootView.swift */ = {isa = PBXFileReference; lastKnownFileType = sourcecode.swift; path = PrincipalRootView.swift; sourceTree = "<group>"; };
		FA67D4272C7D42D60009C4F1 /* AppRootManager.swift */ = {isa = PBXFileReference; lastKnownFileType = sourcecode.swift; path = AppRootManager.swift; sourceTree = "<group>"; };
		FA67D42B2C7D49E40009C4F1 /* SplashRootView.swift */ = {isa = PBXFileReference; lastKnownFileType = sourcecode.swift; path = SplashRootView.swift; sourceTree = "<group>"; };
		FA67D42D2C7D4BBE0009C4F1 /* SplashView.swift */ = {isa = PBXFileReference; lastKnownFileType = sourcecode.swift; path = SplashView.swift; sourceTree = "<group>"; };
		FA90D51E2C7E34610074A012 /* View+Extension.swift */ = {isa = PBXFileReference; lastKnownFileType = sourcecode.swift; path = "View+Extension.swift"; sourceTree = "<group>"; };
		FA90D5202C7E346E0074A012 /* NavigationModifier.swift */ = {isa = PBXFileReference; lastKnownFileType = sourcecode.swift; path = NavigationModifier.swift; sourceTree = "<group>"; };
		FA90D5222C7E34D40074A012 /* LoginView.swift */ = {isa = PBXFileReference; lastKnownFileType = sourcecode.swift; path = LoginView.swift; sourceTree = "<group>"; };
		FA90D5252C7E354D0074A012 /* TextHomeToolbarContent.swift */ = {isa = PBXFileReference; lastKnownFileType = sourcecode.swift; path = TextHomeToolbarContent.swift; sourceTree = "<group>"; };
/* End PBXFileReference section */

/* Begin PBXFrameworksBuildPhase section */
		FA356A8F2C794BCB0032F125 /* Frameworks */ = {
			isa = PBXFrameworksBuildPhase;
			buildActionMask = 2147483647;
			files = (
			);
			runOnlyForDeploymentPostprocessing = 0;
		};
		FA356A9F2C794BCC0032F125 /* Frameworks */ = {
			isa = PBXFrameworksBuildPhase;
			buildActionMask = 2147483647;
			files = (
			);
			runOnlyForDeploymentPostprocessing = 0;
		};
		FA356AA92C794BCC0032F125 /* Frameworks */ = {
			isa = PBXFrameworksBuildPhase;
			buildActionMask = 2147483647;
			files = (
			);
			runOnlyForDeploymentPostprocessing = 0;
		};
/* End PBXFrameworksBuildPhase section */

/* Begin PBXGroup section */
		FA356A892C794BCB0032F125 = {
			isa = PBXGroup;
			children = (
				FA356A942C794BCB0032F125 /* PeliculasApp */,
				FA356AA52C794BCC0032F125 /* PeliculasAppTests */,
				FA356AAF2C794BCC0032F125 /* PeliculasAppUITests */,
				FA356A932C794BCB0032F125 /* Products */,
			);
			sourceTree = "<group>";
		};
		FA356A932C794BCB0032F125 /* Products */ = {
			isa = PBXGroup;
			children = (
				FA356A922C794BCB0032F125 /* PeliculasApp.app */,
				FA356AA22C794BCC0032F125 /* PeliculasAppTests.xctest */,
				FA356AAC2C794BCC0032F125 /* PeliculasAppUITests.xctest */,
			);
			name = Products;
			sourceTree = "<group>";
		};
		FA356A942C794BCB0032F125 /* PeliculasApp */ = {
			isa = PBXGroup;
			children = (
				FA356ABF2C7952E40032F125 /* App */,
				FA90D51D2C7E344B0074A012 /* Navigation */,
				FA90D5242C7E34F00074A012 /* Toolbar */,
				FA67D42F2C7D53880009C4F1 /* Presentation */,
				FA356A992C794BCC0032F125 /* Assets.xcassets */,
				FA356A9B2C794BCC0032F125 /* Preview Content */,
			);
			path = PeliculasApp;
			sourceTree = "<group>";
		};
		FA356A9B2C794BCC0032F125 /* Preview Content */ = {
			isa = PBXGroup;
			children = (
				FA356A9C2C794BCC0032F125 /* Preview Assets.xcassets */,
			);
			path = "Preview Content";
			sourceTree = "<group>";
		};
		FA356AA52C794BCC0032F125 /* PeliculasAppTests */ = {
			isa = PBXGroup;
			children = (
				FA356AA62C794BCC0032F125 /* PeliculasAppTests.swift */,
			);
			path = PeliculasAppTests;
			sourceTree = "<group>";
		};
		FA356AAF2C794BCC0032F125 /* PeliculasAppUITests */ = {
			isa = PBXGroup;
			children = (
				FA356AB02C794BCC0032F125 /* PeliculasAppUITests.swift */,
				FA356AB22C794BCC0032F125 /* PeliculasAppUITestsLaunchTests.swift */,
			);
			path = PeliculasAppUITests;
			sourceTree = "<group>";
		};
		FA356ABF2C7952E40032F125 /* App */ = {
			isa = PBXGroup;
			children = (
				FA356A952C794BCB0032F125 /* PeliculasAppApp.swift */,
				FA67D4222C7CEC3B0009C4F1 /* Root */,
			);
			path = App;
			sourceTree = "<group>";
		};
		FA67D4222C7CEC3B0009C4F1 /* Root */ = {
			isa = PBXGroup;
			children = (
				FA67D4272C7D42D60009C4F1 /* AppRootManager.swift */,
				FA67D4232C7CEC4C0009C4F1 /* RootView */,
			);
			path = Root;
			sourceTree = "<group>";
		};
		FA67D4232C7CEC4C0009C4F1 /* RootView */ = {
			isa = PBXGroup;
			children = (
				FA67D4292C7D43330009C4F1 /* SplashRootView */,
				FA67D4242C7CEC790009C4F1 /* PrincipalRootView */,
			);
			path = RootView;
			sourceTree = "<group>";
		};
		FA67D4242C7CEC790009C4F1 /* PrincipalRootView */ = {
			isa = PBXGroup;
			children = (
				FA67D4252C7CEC9E0009C4F1 /* PrincipalRootView.swift */,
			);
			path = PrincipalRootView;
			sourceTree = "<group>";
		};
		FA67D4292C7D43330009C4F1 /* SplashRootView */ = {
			isa = PBXGroup;
			children = (
				FA67D42B2C7D49E40009C4F1 /* SplashRootView.swift */,
			);
			path = SplashRootView;
			sourceTree = "<group>";
		};
		FA67D42F2C7D53880009C4F1 /* Presentation */ = {
			isa = PBXGroup;
			children = (
				FA67D42D2C7D4BBE0009C4F1 /* SplashView.swift */,
				FA356AC02C795EEA0032F125 /* HomeView.swift */,
				FA90D5222C7E34D40074A012 /* LoginView.swift */,
			);
			path = Presentation;
			sourceTree = "<group>";
		};
		FA90D51D2C7E344B0074A012 /* Navigation */ = {
			isa = PBXGroup;
			children = (
				FA90D51E2C7E34610074A012 /* View+Extension.swift */,
				FA90D5202C7E346E0074A012 /* NavigationModifier.swift */,
			);
			path = Navigation;
			sourceTree = "<group>";
		};
		FA90D5242C7E34F00074A012 /* Toolbar */ = {
			isa = PBXGroup;
			children = (
				FA90D5252C7E354D0074A012 /* TextHomeToolbarContent.swift */,
			);
			path = Toolbar;
			sourceTree = "<group>";
		};
/* End PBXGroup section */

/* Begin PBXNativeTarget section */
		FA356A912C794BCB0032F125 /* PeliculasApp */ = {
			isa = PBXNativeTarget;
			buildConfigurationList = FA356AB62C794BCC0032F125 /* Build configuration list for PBXNativeTarget "PeliculasApp" */;
			buildPhases = (
				FA356A8E2C794BCB0032F125 /* Sources */,
				FA356A8F2C794BCB0032F125 /* Frameworks */,
				FA356A902C794BCB0032F125 /* Resources */,
			);
			buildRules = (
			);
			dependencies = (
			);
			name = PeliculasApp;
			productName = PeliculasApp;
			productReference = FA356A922C794BCB0032F125 /* PeliculasApp.app */;
			productType = "com.apple.product-type.application";
		};
		FA356AA12C794BCC0032F125 /* PeliculasAppTests */ = {
			isa = PBXNativeTarget;
			buildConfigurationList = FA356AB92C794BCC0032F125 /* Build configuration list for PBXNativeTarget "PeliculasAppTests" */;
			buildPhases = (
				FA356A9E2C794BCC0032F125 /* Sources */,
				FA356A9F2C794BCC0032F125 /* Frameworks */,
				FA356AA02C794BCC0032F125 /* Resources */,
			);
			buildRules = (
			);
			dependencies = (
				FA356AA42C794BCC0032F125 /* PBXTargetDependency */,
			);
			name = PeliculasAppTests;
			productName = PeliculasAppTests;
			productReference = FA356AA22C794BCC0032F125 /* PeliculasAppTests.xctest */;
			productType = "com.apple.product-type.bundle.unit-test";
		};
		FA356AAB2C794BCC0032F125 /* PeliculasAppUITests */ = {
			isa = PBXNativeTarget;
			buildConfigurationList = FA356ABC2C794BCC0032F125 /* Build configuration list for PBXNativeTarget "PeliculasAppUITests" */;
			buildPhases = (
				FA356AA82C794BCC0032F125 /* Sources */,
				FA356AA92C794BCC0032F125 /* Frameworks */,
				FA356AAA2C794BCC0032F125 /* Resources */,
			);
			buildRules = (
			);
			dependencies = (
				FA356AAE2C794BCC0032F125 /* PBXTargetDependency */,
			);
			name = PeliculasAppUITests;
			productName = PeliculasAppUITests;
			productReference = FA356AAC2C794BCC0032F125 /* PeliculasAppUITests.xctest */;
			productType = "com.apple.product-type.bundle.ui-testing";
		};
/* End PBXNativeTarget section */

/* Begin PBXProject section */
		FA356A8A2C794BCB0032F125 /* Project object */ = {
			isa = PBXProject;
			attributes = {
				BuildIndependentTargetsInParallel = 1;
				LastSwiftUpdateCheck = 1510;
				LastUpgradeCheck = 1510;
				TargetAttributes = {
					FA356A912C794BCB0032F125 = {
						CreatedOnToolsVersion = 15.1;
					};
					FA356AA12C794BCC0032F125 = {
						CreatedOnToolsVersion = 15.1;
						TestTargetID = FA356A912C794BCB0032F125;
					};
					FA356AAB2C794BCC0032F125 = {
						CreatedOnToolsVersion = 15.1;
						TestTargetID = FA356A912C794BCB0032F125;
					};
				};
			};
			buildConfigurationList = FA356A8D2C794BCB0032F125 /* Build configuration list for PBXProject "PeliculasApp" */;
			compatibilityVersion = "Xcode 14.0";
			developmentRegion = en;
			hasScannedForEncodings = 0;
			knownRegions = (
				en,
				Base,
			);
			mainGroup = FA356A892C794BCB0032F125;
			productRefGroup = FA356A932C794BCB0032F125 /* Products */;
			projectDirPath = "";
			projectRoot = "";
			targets = (
				FA356A912C794BCB0032F125 /* PeliculasApp */,
				FA356AA12C794BCC0032F125 /* PeliculasAppTests */,
				FA356AAB2C794BCC0032F125 /* PeliculasAppUITests */,
			);
		};
/* End PBXProject section */

/* Begin PBXResourcesBuildPhase section */
		FA356A902C794BCB0032F125 /* Resources */ = {
			isa = PBXResourcesBuildPhase;
			buildActionMask = 2147483647;
			files = (
				FA356A9D2C794BCC0032F125 /* Preview Assets.xcassets in Resources */,
				FA356A9A2C794BCC0032F125 /* Assets.xcassets in Resources */,
			);
			runOnlyForDeploymentPostprocessing = 0;
		};
		FA356AA02C794BCC0032F125 /* Resources */ = {
			isa = PBXResourcesBuildPhase;
			buildActionMask = 2147483647;
			files = (
			);
			runOnlyForDeploymentPostprocessing = 0;
		};
		FA356AAA2C794BCC0032F125 /* Resources */ = {
			isa = PBXResourcesBuildPhase;
			buildActionMask = 2147483647;
			files = (
			);
			runOnlyForDeploymentPostprocessing = 0;
		};
/* End PBXResourcesBuildPhase section */

/* Begin PBXSourcesBuildPhase section */
		FA356A8E2C794BCB0032F125 /* Sources */ = {
			isa = PBXSourcesBuildPhase;
			buildActionMask = 2147483647;
			files = (
				FA356AC12C795EEA0032F125 /* HomeView.swift in Sources */,
				FA67D42C2C7D49E40009C4F1 /* SplashRootView.swift in Sources */,
				FA90D5212C7E346E0074A012 /* NavigationModifier.swift in Sources */,
				FA90D5262C7E354D0074A012 /* TextHomeToolbarContent.swift in Sources */,
				FA90D5232C7E34D40074A012 /* LoginView.swift in Sources */,
				FA67D4262C7CEC9E0009C4F1 /* PrincipalRootView.swift in Sources */,
				FA356A962C794BCB0032F125 /* PeliculasAppApp.swift in Sources */,
				FA67D4282C7D42D60009C4F1 /* AppRootManager.swift in Sources */,
				FA90D51F2C7E34610074A012 /* View+Extension.swift in Sources */,
				FA67D42E2C7D4BBE0009C4F1 /* SplashView.swift in Sources */,
			);
			runOnlyForDeploymentPostprocessing = 0;
		};
		FA356A9E2C794BCC0032F125 /* Sources */ = {
			isa = PBXSourcesBuildPhase;
			buildActionMask = 2147483647;
			files = (
				FA356AA72C794BCC0032F125 /* PeliculasAppTests.swift in Sources */,
			);
			runOnlyForDeploymentPostprocessing = 0;
		};
		FA356AA82C794BCC0032F125 /* Sources */ = {
			isa = PBXSourcesBuildPhase;
			buildActionMask = 2147483647;
			files = (
				FA356AB12C794BCC0032F125 /* PeliculasAppUITests.swift in Sources */,
				FA356AB32C794BCC0032F125 /* PeliculasAppUITestsLaunchTests.swift in Sources */,
			);
			runOnlyForDeploymentPostprocessing = 0;
		};
/* End PBXSourcesBuildPhase section */

/* Begin PBXTargetDependency section */
		FA356AA42C794BCC0032F125 /* PBXTargetDependency */ = {
			isa = PBXTargetDependency;
			target = FA356A912C794BCB0032F125 /* PeliculasApp */;
			targetProxy = FA356AA32C794BCC0032F125 /* PBXContainerItemProxy */;
		};
		FA356AAE2C794BCC0032F125 /* PBXTargetDependency */ = {
			isa = PBXTargetDependency;
			target = FA356A912C794BCB0032F125 /* PeliculasApp */;
			targetProxy = FA356AAD2C794BCC0032F125 /* PBXContainerItemProxy */;
		};
/* End PBXTargetDependency section */

/* Begin XCBuildConfiguration section */
		FA356AB42C794BCC0032F125 /* Debug */ = {
			isa = XCBuildConfiguration;
			buildSettings = {
				ALWAYS_SEARCH_USER_PATHS = NO;
				ASSETCATALOG_COMPILER_GENERATE_SWIFT_ASSET_SYMBOL_EXTENSIONS = YES;
				CLANG_ANALYZER_NONNULL = YES;
				CLANG_ANALYZER_NUMBER_OBJECT_CONVERSION = YES_AGGRESSIVE;
				CLANG_CXX_LANGUAGE_STANDARD = "gnu++20";
				CLANG_ENABLE_MODULES = YES;
				CLANG_ENABLE_OBJC_ARC = YES;
				CLANG_ENABLE_OBJC_WEAK = YES;
				CLANG_WARN_BLOCK_CAPTURE_AUTORELEASING = YES;
				CLANG_WARN_BOOL_CONVERSION = YES;
				CLANG_WARN_COMMA = YES;
				CLANG_WARN_CONSTANT_CONVERSION = YES;
				CLANG_WARN_DEPRECATED_OBJC_IMPLEMENTATIONS = YES;
				CLANG_WARN_DIRECT_OBJC_ISA_USAGE = YES_ERROR;
				CLANG_WARN_DOCUMENTATION_COMMENTS = YES;
				CLANG_WARN_EMPTY_BODY = YES;
				CLANG_WARN_ENUM_CONVERSION = YES;
				CLANG_WARN_INFINITE_RECURSION = YES;
				CLANG_WARN_INT_CONVERSION = YES;
				CLANG_WARN_NON_LITERAL_NULL_CONVERSION = YES;
				CLANG_WARN_OBJC_IMPLICIT_RETAIN_SELF = YES;
				CLANG_WARN_OBJC_LITERAL_CONVERSION = YES;
				CLANG_WARN_OBJC_ROOT_CLASS = YES_ERROR;
				CLANG_WARN_QUOTED_INCLUDE_IN_FRAMEWORK_HEADER = YES;
				CLANG_WARN_RANGE_LOOP_ANALYSIS = YES;
				CLANG_WARN_STRICT_PROTOTYPES = YES;
				CLANG_WARN_SUSPICIOUS_MOVE = YES;
				CLANG_WARN_UNGUARDED_AVAILABILITY = YES_AGGRESSIVE;
				CLANG_WARN_UNREACHABLE_CODE = YES;
				CLANG_WARN__DUPLICATE_METHOD_MATCH = YES;
				COPY_PHASE_STRIP = NO;
				DEBUG_INFORMATION_FORMAT = dwarf;
				ENABLE_STRICT_OBJC_MSGSEND = YES;
				ENABLE_TESTABILITY = YES;
				ENABLE_USER_SCRIPT_SANDBOXING = YES;
				GCC_C_LANGUAGE_STANDARD = gnu17;
				GCC_DYNAMIC_NO_PIC = NO;
				GCC_NO_COMMON_BLOCKS = YES;
				GCC_OPTIMIZATION_LEVEL = 0;
				GCC_PREPROCESSOR_DEFINITIONS = (
					"DEBUG=1",
					"$(inherited)",
				);
				GCC_WARN_64_TO_32_BIT_CONVERSION = YES;
				GCC_WARN_ABOUT_RETURN_TYPE = YES_ERROR;
				GCC_WARN_UNDECLARED_SELECTOR = YES;
				GCC_WARN_UNINITIALIZED_AUTOS = YES_AGGRESSIVE;
				GCC_WARN_UNUSED_FUNCTION = YES;
				GCC_WARN_UNUSED_VARIABLE = YES;
				IPHONEOS_DEPLOYMENT_TARGET = 15.0;
				LOCALIZATION_PREFERS_STRING_CATALOGS = YES;
				MTL_ENABLE_DEBUG_INFO = INCLUDE_SOURCE;
				MTL_FAST_MATH = YES;
				ONLY_ACTIVE_ARCH = YES;
				SDKROOT = iphoneos;
				SWIFT_ACTIVE_COMPILATION_CONDITIONS = "DEBUG $(inherited)";
				SWIFT_OPTIMIZATION_LEVEL = "-Onone";
			};
			name = Debug;
		};
		FA356AB52C794BCC0032F125 /* Release */ = {
			isa = XCBuildConfiguration;
			buildSettings = {
				ALWAYS_SEARCH_USER_PATHS = NO;
				ASSETCATALOG_COMPILER_GENERATE_SWIFT_ASSET_SYMBOL_EXTENSIONS = YES;
				CLANG_ANALYZER_NONNULL = YES;
				CLANG_ANALYZER_NUMBER_OBJECT_CONVERSION = YES_AGGRESSIVE;
				CLANG_CXX_LANGUAGE_STANDARD = "gnu++20";
				CLANG_ENABLE_MODULES = YES;
				CLANG_ENABLE_OBJC_ARC = YES;
				CLANG_ENABLE_OBJC_WEAK = YES;
				CLANG_WARN_BLOCK_CAPTURE_AUTORELEASING = YES;
				CLANG_WARN_BOOL_CONVERSION = YES;
				CLANG_WARN_COMMA = YES;
				CLANG_WARN_CONSTANT_CONVERSION = YES;
				CLANG_WARN_DEPRECATED_OBJC_IMPLEMENTATIONS = YES;
				CLANG_WARN_DIRECT_OBJC_ISA_USAGE = YES_ERROR;
				CLANG_WARN_DOCUMENTATION_COMMENTS = YES;
				CLANG_WARN_EMPTY_BODY = YES;
				CLANG_WARN_ENUM_CONVERSION = YES;
				CLANG_WARN_INFINITE_RECURSION = YES;
				CLANG_WARN_INT_CONVERSION = YES;
				CLANG_WARN_NON_LITERAL_NULL_CONVERSION = YES;
				CLANG_WARN_OBJC_IMPLICIT_RETAIN_SELF = YES;
				CLANG_WARN_OBJC_LITERAL_CONVERSION = YES;
				CLANG_WARN_OBJC_ROOT_CLASS = YES_ERROR;
				CLANG_WARN_QUOTED_INCLUDE_IN_FRAMEWORK_HEADER = YES;
				CLANG_WARN_RANGE_LOOP_ANALYSIS = YES;
				CLANG_WARN_STRICT_PROTOTYPES = YES;
				CLANG_WARN_SUSPICIOUS_MOVE = YES;
				CLANG_WARN_UNGUARDED_AVAILABILITY = YES_AGGRESSIVE;
				CLANG_WARN_UNREACHABLE_CODE = YES;
				CLANG_WARN__DUPLICATE_METHOD_MATCH = YES;
				COPY_PHASE_STRIP = NO;
				DEBUG_INFORMATION_FORMAT = "dwarf-with-dsym";
				ENABLE_NS_ASSERTIONS = NO;
				ENABLE_STRICT_OBJC_MSGSEND = YES;
				ENABLE_USER_SCRIPT_SANDBOXING = YES;
				GCC_C_LANGUAGE_STANDARD = gnu17;
				GCC_NO_COMMON_BLOCKS = YES;
				GCC_WARN_64_TO_32_BIT_CONVERSION = YES;
				GCC_WARN_ABOUT_RETURN_TYPE = YES_ERROR;
				GCC_WARN_UNDECLARED_SELECTOR = YES;
				GCC_WARN_UNINITIALIZED_AUTOS = YES_AGGRESSIVE;
				GCC_WARN_UNUSED_FUNCTION = YES;
				GCC_WARN_UNUSED_VARIABLE = YES;
				IPHONEOS_DEPLOYMENT_TARGET = 15.0;
				LOCALIZATION_PREFERS_STRING_CATALOGS = YES;
				MTL_ENABLE_DEBUG_INFO = NO;
				MTL_FAST_MATH = YES;
				SDKROOT = iphoneos;
				SWIFT_COMPILATION_MODE = wholemodule;
				VALIDATE_PRODUCT = YES;
			};
			name = Release;
		};
		FA356AB72C794BCC0032F125 /* Debug */ = {
			isa = XCBuildConfiguration;
			buildSettings = {
				ASSETCATALOG_COMPILER_APPICON_NAME = AppIcon;
				ASSETCATALOG_COMPILER_GLOBAL_ACCENT_COLOR_NAME = AccentColor;
				CODE_SIGN_STYLE = Automatic;
				CURRENT_PROJECT_VERSION = 1;
				DEVELOPMENT_ASSET_PATHS = "\"PeliculasApp/Preview Content\"";
				DEVELOPMENT_TEAM = H9JXH336V5;
				ENABLE_PREVIEWS = YES;
				GENERATE_INFOPLIST_FILE = YES;
				INFOPLIST_KEY_LSApplicationCategoryType = "public.app-category.entertainment";
				INFOPLIST_KEY_UIApplicationSceneManifest_Generation = YES;
				INFOPLIST_KEY_UIApplicationSupportsIndirectInputEvents = YES;
				INFOPLIST_KEY_UILaunchScreen_Generation = YES;
				INFOPLIST_KEY_UIStatusBarStyle = "";
				INFOPLIST_KEY_UISupportedInterfaceOrientations = "UIInterfaceOrientationLandscapeLeft UIInterfaceOrientationLandscapeRight UIInterfaceOrientationPortrait";
				INFOPLIST_KEY_UISupportedInterfaceOrientations_iPad = "UIInterfaceOrientationLandscapeLeft UIInterfaceOrientationLandscapeRight UIInterfaceOrientationPortrait UIInterfaceOrientationPortraitUpsideDown";
				IPHONEOS_DEPLOYMENT_TARGET = 15.0;
				LD_RUNPATH_SEARCH_PATHS = (
					"$(inherited)",
					"@executable_path/Frameworks",
				);
				MARKETING_VERSION = 1.0.0;
				PRODUCT_BUNDLE_IDENTIFIER = com.ronaldoswift.PeliculasApp;
				PRODUCT_NAME = "$(TARGET_NAME)";
				SUPPORTED_PLATFORMS = "iphoneos iphonesimulator";
				SUPPORTS_MACCATALYST = NO;
				SUPPORTS_MAC_DESIGNED_FOR_IPHONE_IPAD = NO;
				SWIFT_EMIT_LOC_STRINGS = YES;
				SWIFT_VERSION = 5.0;
				TARGETED_DEVICE_FAMILY = 1;
			};
			name = Debug;
		};
		FA356AB82C794BCC0032F125 /* Release */ = {
			isa = XCBuildConfiguration;
			buildSettings = {
				ASSETCATALOG_COMPILER_APPICON_NAME = AppIcon;
				ASSETCATALOG_COMPILER_GLOBAL_ACCENT_COLOR_NAME = AccentColor;
				CODE_SIGN_STYLE = Automatic;
				CURRENT_PROJECT_VERSION = 1;
				DEVELOPMENT_ASSET_PATHS = "\"PeliculasApp/Preview Content\"";
				DEVELOPMENT_TEAM = H9JXH336V5;
				ENABLE_PREVIEWS = YES;
				GENERATE_INFOPLIST_FILE = YES;
				INFOPLIST_KEY_LSApplicationCategoryType = "public.app-category.entertainment";
				INFOPLIST_KEY_UIApplicationSceneManifest_Generation = YES;
				INFOPLIST_KEY_UIApplicationSupportsIndirectInputEvents = YES;
				INFOPLIST_KEY_UILaunchScreen_Generation = YES;
				INFOPLIST_KEY_UIStatusBarStyle = "";
				INFOPLIST_KEY_UISupportedInterfaceOrientations = "UIInterfaceOrientationLandscapeLeft UIInterfaceOrientationLandscapeRight UIInterfaceOrientationPortrait";
				INFOPLIST_KEY_UISupportedInterfaceOrientations_iPad = "UIInterfaceOrientationLandscapeLeft UIInterfaceOrientationLandscapeRight UIInterfaceOrientationPortrait UIInterfaceOrientationPortraitUpsideDown";
				IPHONEOS_DEPLOYMENT_TARGET = 15.0;
				LD_RUNPATH_SEARCH_PATHS = (
					"$(inherited)",
					"@executable_path/Frameworks",
				);
				MARKETING_VERSION = 1.0.0;
				PRODUCT_BUNDLE_IDENTIFIER = com.ronaldoswift.PeliculasApp;
				PRODUCT_NAME = "$(TARGET_NAME)";
				SUPPORTED_PLATFORMS = "iphoneos iphonesimulator";
				SUPPORTS_MACCATALYST = NO;
				SUPPORTS_MAC_DESIGNED_FOR_IPHONE_IPAD = NO;
				SWIFT_EMIT_LOC_STRINGS = YES;
				SWIFT_VERSION = 5.0;
				TARGETED_DEVICE_FAMILY = 1;
			};
			name = Release;
		};
		FA356ABA2C794BCC0032F125 /* Debug */ = {
			isa = XCBuildConfiguration;
			buildSettings = {
				ALWAYS_EMBED_SWIFT_STANDARD_LIBRARIES = YES;
				BUNDLE_LOADER = "$(TEST_HOST)";
				CODE_SIGN_STYLE = Automatic;
				CURRENT_PROJECT_VERSION = 1;
				DEVELOPMENT_TEAM = H9JXH336V5;
				GENERATE_INFOPLIST_FILE = YES;
				IPHONEOS_DEPLOYMENT_TARGET = 15.0;
				MARKETING_VERSION = 1.0;
				PRODUCT_BUNDLE_IDENTIFIER = com.ronaldoswift.PeliculasAppTests;
				PRODUCT_NAME = "$(TARGET_NAME)";
				SUPPORTED_PLATFORMS = "iphoneos iphonesimulator";
				SUPPORTS_MACCATALYST = NO;
				SUPPORTS_MAC_DESIGNED_FOR_IPHONE_IPAD = NO;
				SWIFT_EMIT_LOC_STRINGS = NO;
				SWIFT_VERSION = 5.0;
				TARGETED_DEVICE_FAMILY = 1;
				TEST_HOST = "$(BUILT_PRODUCTS_DIR)/PeliculasApp.app/$(BUNDLE_EXECUTABLE_FOLDER_PATH)/PeliculasApp";
			};
			name = Debug;
		};
		FA356ABB2C794BCC0032F125 /* Release */ = {
			isa = XCBuildConfiguration;
			buildSettings = {
				ALWAYS_EMBED_SWIFT_STANDARD_LIBRARIES = YES;
				BUNDLE_LOADER = "$(TEST_HOST)";
				CODE_SIGN_STYLE = Automatic;
				CURRENT_PROJECT_VERSION = 1;
				DEVELOPMENT_TEAM = H9JXH336V5;
				GENERATE_INFOPLIST_FILE = YES;
				IPHONEOS_DEPLOYMENT_TARGET = 15.0;
				MARKETING_VERSION = 1.0;
				PRODUCT_BUNDLE_IDENTIFIER = com.ronaldoswift.PeliculasAppTests;
				PRODUCT_NAME = "$(TARGET_NAME)";
				SUPPORTED_PLATFORMS = "iphoneos iphonesimulator";
				SUPPORTS_MACCATALYST = NO;
				SUPPORTS_MAC_DESIGNED_FOR_IPHONE_IPAD = NO;
				SWIFT_EMIT_LOC_STRINGS = NO;
				SWIFT_VERSION = 5.0;
				TARGETED_DEVICE_FAMILY = 1;
				TEST_HOST = "$(BUILT_PRODUCTS_DIR)/PeliculasApp.app/$(BUNDLE_EXECUTABLE_FOLDER_PATH)/PeliculasApp";
			};
			name = Release;
		};
		FA356ABD2C794BCC0032F125 /* Debug */ = {
			isa = XCBuildConfiguration;
			buildSettings = {
				ALWAYS_EMBED_SWIFT_STANDARD_LIBRARIES = YES;
				CODE_SIGN_STYLE = Automatic;
				CURRENT_PROJECT_VERSION = 1;
				DEVELOPMENT_TEAM = H9JXH336V5;
				GENERATE_INFOPLIST_FILE = YES;
				MARKETING_VERSION = 1.0;
				PRODUCT_BUNDLE_IDENTIFIER = com.ronaldoswift.PeliculasAppUITests;
				PRODUCT_NAME = "$(TARGET_NAME)";
				SUPPORTED_PLATFORMS = "iphoneos iphonesimulator";
				SUPPORTS_MACCATALYST = NO;
				SUPPORTS_MAC_DESIGNED_FOR_IPHONE_IPAD = NO;
				SWIFT_EMIT_LOC_STRINGS = NO;
				SWIFT_VERSION = 5.0;
				TARGETED_DEVICE_FAMILY = 1;
				TEST_TARGET_NAME = PeliculasApp;
			};
			name = Debug;
		};
		FA356ABE2C794BCC0032F125 /* Release */ = {
			isa = XCBuildConfiguration;
			buildSettings = {
				ALWAYS_EMBED_SWIFT_STANDARD_LIBRARIES = YES;
				CODE_SIGN_STYLE = Automatic;
				CURRENT_PROJECT_VERSION = 1;
				DEVELOPMENT_TEAM = H9JXH336V5;
				GENERATE_INFOPLIST_FILE = YES;
				MARKETING_VERSION = 1.0;
				PRODUCT_BUNDLE_IDENTIFIER = com.ronaldoswift.PeliculasAppUITests;
				PRODUCT_NAME = "$(TARGET_NAME)";
				SUPPORTED_PLATFORMS = "iphoneos iphonesimulator";
				SUPPORTS_MACCATALYST = NO;
				SUPPORTS_MAC_DESIGNED_FOR_IPHONE_IPAD = NO;
				SWIFT_EMIT_LOC_STRINGS = NO;
				SWIFT_VERSION = 5.0;
				TARGETED_DEVICE_FAMILY = 1;
				TEST_TARGET_NAME = PeliculasApp;
			};
			name = Release;
		};
/* End XCBuildConfiguration section */

/* Begin XCConfigurationList section */
		FA356A8D2C794BCB0032F125 /* Build configuration list for PBXProject "PeliculasApp" */ = {
			isa = XCConfigurationList;
			buildConfigurations = (
				FA356AB42C794BCC0032F125 /* Debug */,
				FA356AB52C794BCC0032F125 /* Release */,
			);
			defaultConfigurationIsVisible = 0;
			defaultConfigurationName = Release;
		};
		FA356AB62C794BCC0032F125 /* Build configuration list for PBXNativeTarget "PeliculasApp" */ = {
			isa = XCConfigurationList;
			buildConfigurations = (
				FA356AB72C794BCC0032F125 /* Debug */,
				FA356AB82C794BCC0032F125 /* Release */,
			);
			defaultConfigurationIsVisible = 0;
			defaultConfigurationName = Release;
		};
		FA356AB92C794BCC0032F125 /* Build configuration list for PBXNativeTarget "PeliculasAppTests" */ = {
			isa = XCConfigurationList;
			buildConfigurations = (
				FA356ABA2C794BCC0032F125 /* Debug */,
				FA356ABB2C794BCC0032F125 /* Release */,
			);
			defaultConfigurationIsVisible = 0;
			defaultConfigurationName = Release;
		};
		FA356ABC2C794BCC0032F125 /* Build configuration list for PBXNativeTarget "PeliculasAppUITests" */ = {
			isa = XCConfigurationList;
			buildConfigurations = (
				FA356ABD2C794BCC0032F125 /* Debug */,
				FA356ABE2C794BCC0032F125 /* Release */,
			);
			defaultConfigurationIsVisible = 0;
			defaultConfigurationName = Release;
		};
/* End XCConfigurationList section */
	};
	rootObject = FA356A8A2C794BCB0032F125 /* Project object */;
}
